// !$*UTF8*$!
{
	archiveVersion = 1;
	classes = {
	};
	objectVersion = 48;
	objects = {

/* Begin PBXBuildFile section */
		298B32232034E3CD00C7D26B /* AppDelegate.swift in Sources */ = {isa = PBXBuildFile; fileRef = 298B32222034E3CD00C7D26B /* AppDelegate.swift */; };
		298B32252034E3CD00C7D26B /* Assets.xcassets in Resources */ = {isa = PBXBuildFile; fileRef = 298B32242034E3CD00C7D26B /* Assets.xcassets */; };
		298B32282034E3CD00C7D26B /* MainMenu.xib in Resources */ = {isa = PBXBuildFile; fileRef = 298B32262034E3CD00C7D26B /* MainMenu.xib */; };
		298B32372034E91A00C7D26B /* Cocoa.framework in Frameworks */ = {isa = PBXBuildFile; fileRef = 298B32362034E91A00C7D26B /* Cocoa.framework */; };
		298B323A2034E91A00C7D26B /* SourceEditorExtension.swift in Sources */ = {isa = PBXBuildFile; fileRef = 298B32392034E91A00C7D26B /* SourceEditorExtension.swift */; };
		298B323C2034E91A00C7D26B /* SourceEditorCommand.swift in Sources */ = {isa = PBXBuildFile; fileRef = 298B323B2034E91A00C7D26B /* SourceEditorCommand.swift */; };
		298B32412034E91A00C7D26B /* AlertFixer.appex in Embed App Extensions */ = {isa = PBXBuildFile; fileRef = 298B32342034E91A00C7D26B /* AlertFixer.appex */; settings = {ATTRIBUTES = (RemoveHeadersOnCopy, ); }; };
/* End PBXBuildFile section */

/* Begin PBXContainerItemProxy section */
		298B323F2034E91A00C7D26B /* PBXContainerItemProxy */ = {
			isa = PBXContainerItemProxy;
			containerPortal = 298B32172034E3CD00C7D26B /* Project object */;
			proxyType = 1;
			remoteGlobalIDString = 298B32332034E91A00C7D26B;
			remoteInfo = AlertFixer;
		};
/* End PBXContainerItemProxy section */

/* Begin PBXCopyFilesBuildPhase section */
		298B32452034E91A00C7D26B /* Embed App Extensions */ = {
			isa = PBXCopyFilesBuildPhase;
			buildActionMask = 2147483647;
			dstPath = "";
			dstSubfolderSpec = 13;
			files = (
				298B32412034E91A00C7D26B /* AlertFixer.appex in Embed App Extensions */,
			);
			name = "Embed App Extensions";
			runOnlyForDeploymentPostprocessing = 0;
		};
/* End PBXCopyFilesBuildPhase section */

/* Begin PBXFileReference section */
		298B321F2034E3CD00C7D26B /* UIAlertFixer.app */ = {isa = PBXFileReference; explicitFileType = wrapper.application; includeInIndex = 0; path = UIAlertFixer.app; sourceTree = BUILT_PRODUCTS_DIR; };
		298B32222034E3CD00C7D26B /* AppDelegate.swift */ = {isa = PBXFileReference; lastKnownFileType = sourcecode.swift; path = AppDelegate.swift; sourceTree = "<group>"; };
		298B32242034E3CD00C7D26B /* Assets.xcassets */ = {isa = PBXFileReference; lastKnownFileType = folder.assetcatalog; path = Assets.xcassets; sourceTree = "<group>"; };
		298B32272034E3CD00C7D26B /* Base */ = {isa = PBXFileReference; lastKnownFileType = file.xib; name = Base; path = Base.lproj/MainMenu.xib; sourceTree = "<group>"; };
		298B32292034E3CD00C7D26B /* Info.plist */ = {isa = PBXFileReference; lastKnownFileType = text.plist.xml; path = Info.plist; sourceTree = "<group>"; };
		298B322A2034E3CD00C7D26B /* UIAlertFixer.entitlements */ = {isa = PBXFileReference; lastKnownFileType = text.plist.entitlements; path = UIAlertFixer.entitlements; sourceTree = "<group>"; };
		298B32342034E91A00C7D26B /* AlertFixer.appex */ = {isa = PBXFileReference; explicitFileType = "wrapper.app-extension"; includeInIndex = 0; path = AlertFixer.appex; sourceTree = BUILT_PRODUCTS_DIR; };
		298B32362034E91A00C7D26B /* Cocoa.framework */ = {isa = PBXFileReference; lastKnownFileType = wrapper.framework; name = Cocoa.framework; path = System/Library/Frameworks/Cocoa.framework; sourceTree = SDKROOT; };
		298B32392034E91A00C7D26B /* SourceEditorExtension.swift */ = {isa = PBXFileReference; lastKnownFileType = sourcecode.swift; path = SourceEditorExtension.swift; sourceTree = "<group>"; };
		298B323B2034E91A00C7D26B /* SourceEditorCommand.swift */ = {isa = PBXFileReference; lastKnownFileType = sourcecode.swift; path = SourceEditorCommand.swift; sourceTree = "<group>"; };
		298B323D2034E91A00C7D26B /* Info.plist */ = {isa = PBXFileReference; lastKnownFileType = text.plist.xml; path = Info.plist; sourceTree = "<group>"; };
		298B323E2034E91A00C7D26B /* AlertFixer.entitlements */ = {isa = PBXFileReference; lastKnownFileType = text.plist.entitlements; path = AlertFixer.entitlements; sourceTree = "<group>"; };
/* End PBXFileReference section */

/* Begin PBXFrameworksBuildPhase section */
		298B321C2034E3CD00C7D26B /* Frameworks */ = {
			isa = PBXFrameworksBuildPhase;
			buildActionMask = 2147483647;
			files = (
			);
			runOnlyForDeploymentPostprocessing = 0;
		};
		298B32312034E91A00C7D26B /* Frameworks */ = {
			isa = PBXFrameworksBuildPhase;
			buildActionMask = 2147483647;
			files = (
				298B32372034E91A00C7D26B /* Cocoa.framework in Frameworks */,
			);
			runOnlyForDeploymentPostprocessing = 0;
		};
/* End PBXFrameworksBuildPhase section */

/* Begin PBXGroup section */
		298B32162034E3CD00C7D26B = {
			isa = PBXGroup;
			children = (
				298B32212034E3CD00C7D26B /* UIAlertFixer */,
				298B32382034E91A00C7D26B /* AlertFixer */,
				298B32352034E91A00C7D26B /* Frameworks */,
				298B32202034E3CD00C7D26B /* Products */,
			);
			sourceTree = "<group>";
		};
		298B32202034E3CD00C7D26B /* Products */ = {
			isa = PBXGroup;
			children = (
				298B321F2034E3CD00C7D26B /* UIAlertFixer.app */,
				298B32342034E91A00C7D26B /* AlertFixer.appex */,
			);
			name = Products;
			sourceTree = "<group>";
		};
		298B32212034E3CD00C7D26B /* UIAlertFixer */ = {
			isa = PBXGroup;
			children = (
				298B32222034E3CD00C7D26B /* AppDelegate.swift */,
				298B32242034E3CD00C7D26B /* Assets.xcassets */,
				298B32262034E3CD00C7D26B /* MainMenu.xib */,
				298B32292034E3CD00C7D26B /* Info.plist */,
				298B322A2034E3CD00C7D26B /* UIAlertFixer.entitlements */,
			);
			path = UIAlertFixer;
			sourceTree = "<group>";
		};
		298B32352034E91A00C7D26B /* Frameworks */ = {
			isa = PBXGroup;
			children = (
				298B32362034E91A00C7D26B /* Cocoa.framework */,
			);
			name = Frameworks;
			sourceTree = "<group>";
		};
		298B32382034E91A00C7D26B /* AlertFixer */ = {
			isa = PBXGroup;
			children = (
				298B32392034E91A00C7D26B /* SourceEditorExtension.swift */,
				298B323B2034E91A00C7D26B /* SourceEditorCommand.swift */,
				298B323D2034E91A00C7D26B /* Info.plist */,
				298B323E2034E91A00C7D26B /* AlertFixer.entitlements */,
			);
			path = AlertFixer;
			sourceTree = "<group>";
		};
/* End PBXGroup section */

/* Begin PBXNativeTarget section */
		298B321E2034E3CD00C7D26B /* UIAlertFixer */ = {
			isa = PBXNativeTarget;
			buildConfigurationList = 298B322D2034E3CD00C7D26B /* Build configuration list for PBXNativeTarget "UIAlertFixer" */;
			buildPhases = (
				298B321B2034E3CD00C7D26B /* Sources */,
				298B321C2034E3CD00C7D26B /* Frameworks */,
				298B321D2034E3CD00C7D26B /* Resources */,
				298B32452034E91A00C7D26B /* Embed App Extensions */,
			);
			buildRules = (
			);
			dependencies = (
				298B32402034E91A00C7D26B /* PBXTargetDependency */,
			);
			name = UIAlertFixer;
			productName = UIAlertFixer;
			productReference = 298B321F2034E3CD00C7D26B /* UIAlertFixer.app */;
			productType = "com.apple.product-type.application";
		};
		298B32332034E91A00C7D26B /* AlertFixer */ = {
			isa = PBXNativeTarget;
			buildConfigurationList = 298B32422034E91A00C7D26B /* Build configuration list for PBXNativeTarget "AlertFixer" */;
			buildPhases = (
				298B32302034E91A00C7D26B /* Sources */,
				298B32312034E91A00C7D26B /* Frameworks */,
				298B32322034E91A00C7D26B /* Resources */,
			);
			buildRules = (
			);
			dependencies = (
			);
			name = AlertFixer;
			productName = AlertFixer;
			productReference = 298B32342034E91A00C7D26B /* AlertFixer.appex */;
			productType = "com.apple.product-type.xcode-extension";
		};
/* End PBXNativeTarget section */

/* Begin PBXProject section */
		298B32172034E3CD00C7D26B /* Project object */ = {
			isa = PBXProject;
			attributes = {
				LastSwiftUpdateCheck = 0920;
				LastUpgradeCheck = 0920;
				ORGANIZATIONNAME = "Shawn Roller";
				TargetAttributes = {
					298B321E2034E3CD00C7D26B = {
						CreatedOnToolsVersion = 9.2;
						ProvisioningStyle = Automatic;
					};
					298B32332034E91A00C7D26B = {
						CreatedOnToolsVersion = 9.2;
						ProvisioningStyle = Automatic;
					};
				};
			};
			buildConfigurationList = 298B321A2034E3CD00C7D26B /* Build configuration list for PBXProject "UIAlertFixer" */;
			compatibilityVersion = "Xcode 8.0";
			developmentRegion = en;
			hasScannedForEncodings = 0;
			knownRegions = (
				en,
				Base,
			);
			mainGroup = 298B32162034E3CD00C7D26B;
			productRefGroup = 298B32202034E3CD00C7D26B /* Products */;
			projectDirPath = "";
			projectRoot = "";
			targets = (
				298B321E2034E3CD00C7D26B /* UIAlertFixer */,
				298B32332034E91A00C7D26B /* AlertFixer */,
			);
		};
/* End PBXProject section */

/* Begin PBXResourcesBuildPhase section */
		298B321D2034E3CD00C7D26B /* Resources */ = {
			isa = PBXResourcesBuildPhase;
			buildActionMask = 2147483647;
			files = (
				298B32252034E3CD00C7D26B /* Assets.xcassets in Resources */,
				298B32282034E3CD00C7D26B /* MainMenu.xib in Resources */,
			);
			runOnlyForDeploymentPostprocessing = 0;
		};
		298B32322034E91A00C7D26B /* Resources */ = {
			isa = PBXResourcesBuildPhase;
			buildActionMask = 2147483647;
			files = (
			);
			runOnlyForDeploymentPostprocessing = 0;
		};
/* End PBXResourcesBuildPhase section */

/* Begin PBXSourcesBuildPhase section */
		298B321B2034E3CD00C7D26B /* Sources */ = {
			isa = PBXSourcesBuildPhase;
			buildActionMask = 2147483647;
			files = (
				298B32232034E3CD00C7D26B /* AppDelegate.swift in Sources */,
			);
			runOnlyForDeploymentPostprocessing = 0;
		};
		298B32302034E91A00C7D26B /* Sources */ = {
			isa = PBXSourcesBuildPhase;
			buildActionMask = 2147483647;
			files = (
				298B323A2034E91A00C7D26B /* SourceEditorExtension.swift in Sources */,
				298B323C2034E91A00C7D26B /* SourceEditorCommand.swift in Sources */,
			);
			runOnlyForDeploymentPostprocessing = 0;
		};
/* End PBXSourcesBuildPhase section */

/* Begin PBXTargetDependency section */
		298B32402034E91A00C7D26B /* PBXTargetDependency */ = {
			isa = PBXTargetDependency;
			target = 298B32332034E91A00C7D26B /* AlertFixer */;
			targetProxy = 298B323F2034E91A00C7D26B /* PBXContainerItemProxy */;
		};
/* End PBXTargetDependency section */

/* Begin PBXVariantGroup section */
		298B32262034E3CD00C7D26B /* MainMenu.xib */ = {
			isa = PBXVariantGroup;
			children = (
				298B32272034E3CD00C7D26B /* Base */,
			);
			name = MainMenu.xib;
			sourceTree = "<group>";
		};
/* End PBXVariantGroup section */

/* Begin XCBuildConfiguration section */
		298B322B2034E3CD00C7D26B /* Debug */ = {
			isa = XCBuildConfiguration;
			buildSettings = {
				ALWAYS_SEARCH_USER_PATHS = NO;
				CLANG_ANALYZER_NONNULL = YES;
				CLANG_ANALYZER_NUMBER_OBJECT_CONVERSION = YES_AGGRESSIVE;
				CLANG_CXX_LANGUAGE_STANDARD = "gnu++14";
				CLANG_CXX_LIBRARY = "libc++";
				CLANG_ENABLE_MODULES = YES;
				CLANG_ENABLE_OBJC_ARC = YES;
				CLANG_WARN_BLOCK_CAPTURE_AUTORELEASING = YES;
				CLANG_WARN_BOOL_CONVERSION = YES;
				CLANG_WARN_COMMA = YES;
				CLANG_WARN_CONSTANT_CONVERSION = YES;
				CLANG_WARN_DIRECT_OBJC_ISA_USAGE = YES_ERROR;
				CLANG_WARN_DOCUMENTATION_COMMENTS = YES;
				CLANG_WARN_EMPTY_BODY = YES;
				CLANG_WARN_ENUM_CONVERSION = YES;
				CLANG_WARN_INFINITE_RECURSION = YES;
				CLANG_WARN_INT_CONVERSION = YES;
				CLANG_WARN_NON_LITERAL_NULL_CONVERSION = YES;
				CLANG_WARN_OBJC_LITERAL_CONVERSION = YES;
				CLANG_WARN_OBJC_ROOT_CLASS = YES_ERROR;
				CLANG_WARN_RANGE_LOOP_ANALYSIS = YES;
				CLANG_WARN_STRICT_PROTOTYPES = YES;
				CLANG_WARN_SUSPICIOUS_MOVE = YES;
				CLANG_WARN_UNGUARDED_AVAILABILITY = YES_AGGRESSIVE;
				CLANG_WARN_UNREACHABLE_CODE = YES;
				CLANG_WARN__DUPLICATE_METHOD_MATCH = YES;
				CODE_SIGN_IDENTITY = "Mac Developer";
				COPY_PHASE_STRIP = NO;
				DEBUG_INFORMATION_FORMAT = dwarf;
				ENABLE_STRICT_OBJC_MSGSEND = YES;
				ENABLE_TESTABILITY = YES;
				GCC_C_LANGUAGE_STANDARD = gnu11;
				GCC_DYNAMIC_NO_PIC = NO;
				GCC_NO_COMMON_BLOCKS = YES;
				GCC_OPTIMIZATION_LEVEL = 0;
				GCC_PREPROCESSOR_DEFINITIONS = (
					"DEBUG=1",
					"$(inherited)",
				);
				GCC_WARN_64_TO_32_BIT_CONVERSION = YES;
				GCC_WARN_ABOUT_RETURN_TYPE = YES_ERROR;
				GCC_WARN_UNDECLARED_SELECTOR = YES;
				GCC_WARN_UNINITIALIZED_AUTOS = YES_AGGRESSIVE;
				GCC_WARN_UNUSED_FUNCTION = YES;
				GCC_WARN_UNUSED_VARIABLE = YES;
				MACOSX_DEPLOYMENT_TARGET = 10.13;
				MTL_ENABLE_DEBUG_INFO = YES;
				ONLY_ACTIVE_ARCH = YES;
				SDKROOT = macosx;
				SWIFT_ACTIVE_COMPILATION_CONDITIONS = DEBUG;
				SWIFT_OPTIMIZATION_LEVEL = "-Onone";
			};
			name = Debug;
		};
		298B322C2034E3CD00C7D26B /* Release */ = {
			isa = XCBuildConfiguration;
			buildSettings = {
				ALWAYS_SEARCH_USER_PATHS = NO;
				CLANG_ANALYZER_NONNULL = YES;
				CLANG_ANALYZER_NUMBER_OBJECT_CONVERSION = YES_AGGRESSIVE;
				CLANG_CXX_LANGUAGE_STANDARD = "gnu++14";
				CLANG_CXX_LIBRARY = "libc++";
				CLANG_ENABLE_MODULES = YES;
				CLANG_ENABLE_OBJC_ARC = YES;
				CLANG_WARN_BLOCK_CAPTURE_AUTORELEASING = YES;
				CLANG_WARN_BOOL_CONVERSION = YES;
				CLANG_WARN_COMMA = YES;
				CLANG_WARN_CONSTANT_CONVERSION = YES;
				CLANG_WARN_DIRECT_OBJC_ISA_USAGE = YES_ERROR;
				CLANG_WARN_DOCUMENTATION_COMMENTS = YES;
				CLANG_WARN_EMPTY_BODY = YES;
				CLANG_WARN_ENUM_CONVERSION = YES;
				CLANG_WARN_INFINITE_RECURSION = YES;
				CLANG_WARN_INT_CONVERSION = YES;
				CLANG_WARN_NON_LITERAL_NULL_CONVERSION = YES;
				CLANG_WARN_OBJC_LITERAL_CONVERSION = YES;
				CLANG_WARN_OBJC_ROOT_CLASS = YES_ERROR;
				CLANG_WARN_RANGE_LOOP_ANALYSIS = YES;
				CLANG_WARN_STRICT_PROTOTYPES = YES;
				CLANG_WARN_SUSPICIOUS_MOVE = YES;
				CLANG_WARN_UNGUARDED_AVAILABILITY = YES_AGGRESSIVE;
				CLANG_WARN_UNREACHABLE_CODE = YES;
				CLANG_WARN__DUPLICATE_METHOD_MATCH = YES;
				CODE_SIGN_IDENTITY = "Mac Developer";
				COPY_PHASE_STRIP = NO;
				DEBUG_INFORMATION_FORMAT = "dwarf-with-dsym";
				ENABLE_NS_ASSERTIONS = NO;
				ENABLE_STRICT_OBJC_MSGSEND = YES;
				GCC_C_LANGUAGE_STANDARD = gnu11;
				GCC_NO_COMMON_BLOCKS = YES;
				GCC_WARN_64_TO_32_BIT_CONVERSION = YES;
				GCC_WARN_ABOUT_RETURN_TYPE = YES_ERROR;
				GCC_WARN_UNDECLARED_SELECTOR = YES;
				GCC_WARN_UNINITIALIZED_AUTOS = YES_AGGRESSIVE;
				GCC_WARN_UNUSED_FUNCTION = YES;
				GCC_WARN_UNUSED_VARIABLE = YES;
				MACOSX_DEPLOYMENT_TARGET = 10.13;
				MTL_ENABLE_DEBUG_INFO = NO;
				SDKROOT = macosx;
				SWIFT_OPTIMIZATION_LEVEL = "-Owholemodule";
			};
			name = Release;
		};
		298B322E2034E3CD00C7D26B /* Debug */ = {
			isa = XCBuildConfiguration;
			buildSettings = {
				ALWAYS_EMBED_SWIFT_STANDARD_LIBRARIES = YES;
				ASSETCATALOG_COMPILER_APPICON_NAME = AppIcon;
				CODE_SIGN_ENTITLEMENTS = UIAlertFixer/UIAlertFixer.entitlements;
				CODE_SIGN_STYLE = Automatic;
				COMBINE_HIDPI_IMAGES = YES;
				DEVELOPMENT_TEAM = EWH85CQYYJ;
				INFOPLIST_FILE = UIAlertFixer/Info.plist;
				LD_RUNPATH_SEARCH_PATHS = "$(inherited) @executable_path/../Frameworks";
				PRODUCT_BUNDLE_IDENTIFIER = "com.offensively-bad.UIAlertFixer";
				PRODUCT_NAME = "$(TARGET_NAME)";
				SWIFT_VERSION = 4.0;
			};
			name = Debug;
		};
		298B322F2034E3CD00C7D26B /* Release */ = {
			isa = XCBuildConfiguration;
			buildSettings = {
				ALWAYS_EMBED_SWIFT_STANDARD_LIBRARIES = YES;
				ASSETCATALOG_COMPILER_APPICON_NAME = AppIcon;
				CODE_SIGN_ENTITLEMENTS = UIAlertFixer/UIAlertFixer.entitlements;
				CODE_SIGN_STYLE = Automatic;
				COMBINE_HIDPI_IMAGES = YES;
				DEVELOPMENT_TEAM = EWH85CQYYJ;
				INFOPLIST_FILE = UIAlertFixer/Info.plist;
				LD_RUNPATH_SEARCH_PATHS = "$(inherited) @executable_path/../Frameworks";
				PRODUCT_BUNDLE_IDENTIFIER = "com.offensively-bad.UIAlertFixer";
				PRODUCT_NAME = "$(TARGET_NAME)";
				SWIFT_VERSION = 4.0;
			};
			name = Release;
		};
		298B32432034E91A00C7D26B /* Debug */ = {
			isa = XCBuildConfiguration;
			buildSettings = {
				CODE_SIGN_ENTITLEMENTS = AlertFixer/AlertFixer.entitlements;
				CODE_SIGN_STYLE = Automatic;
				COMBINE_HIDPI_IMAGES = YES;
				DEVELOPMENT_TEAM = EWH85CQYYJ;
				INFOPLIST_FILE = AlertFixer/Info.plist;
				LD_RUNPATH_SEARCH_PATHS = "$(inherited) @executable_path/../Frameworks @executable_path/../../../../Frameworks";
				PRODUCT_BUNDLE_IDENTIFIER = "com.offensively-bad.UIAlertFixer.AlertFixer";
				PRODUCT_NAME = "$(TARGET_NAME)";
				SKIP_INSTALL = YES;
				SWIFT_VERSION = 4.0;
			};
			name = Debug;
		};
		298B32442034E91A00C7D26B /* Release */ = {
			isa = XCBuildConfiguration;
			buildSettings = {
				CODE_SIGN_ENTITLEMENTS = AlertFixer/AlertFixer.entitlements;
				CODE_SIGN_STYLE = Automatic;
				COMBINE_HIDPI_IMAGES = YES;
				DEVELOPMENT_TEAM = EWH85CQYYJ;
				INFOPLIST_FILE = AlertFixer/Info.plist;
				LD_RUNPATH_SEARCH_PATHS = "$(inherited) @executable_path/../Frameworks @executable_path/../../../../Frameworks";
				PRODUCT_BUNDLE_IDENTIFIER = "com.offensively-bad.UIAlertFixer.AlertFixer";
				PRODUCT_NAME = "$(TARGET_NAME)";
				SKIP_INSTALL = YES;
				SWIFT_VERSION = 4.0;
			};
			name = Release;
		};
/* End XCBuildConfiguration section */

/* Begin XCConfigurationList section */
		298B321A2034E3CD00C7D26B /* Build configuration list for PBXProject "UIAlertFixer" */ = {
			isa = XCConfigurationList;
			buildConfigurations = (
				298B322B2034E3CD00C7D26B /* Debug */,
				298B322C2034E3CD00C7D26B /* Release */,
			);
			defaultConfigurationIsVisible = 0;
			defaultConfigurationName = Release;
		};
		298B322D2034E3CD00C7D26B /* Build configuration list for PBXNativeTarget "UIAlertFixer" */ = {
			isa = XCConfigurationList;
			buildConfigurations = (
				298B322E2034E3CD00C7D26B /* Debug */,
				298B322F2034E3CD00C7D26B /* Release */,
			);
			defaultConfigurationIsVisible = 0;
			defaultConfigurationName = Release;
		};
		298B32422034E91A00C7D26B /* Build configuration list for PBXNativeTarget "AlertFixer" */ = {
			isa = XCConfigurationList;
			buildConfigurations = (
				298B32432034E91A00C7D26B /* Debug */,
				298B32442034E91A00C7D26B /* Release */,
			);
			defaultConfigurationIsVisible = 0;
			defaultConfigurationName = Release;
		};
/* End XCConfigurationList section */
	};
	rootObject = 298B32172034E3CD00C7D26B /* Project object */;
}
